// !$*UTF8*$!
{
	archiveVersion = 1;
	classes = {
	};
	objectVersion = 56;
	objects = {

/* Begin PBXBuildFile section */
		E9F1207D29811A92006D4710 /* SampleForEmployerApp.swift in Sources */ = {isa = PBXBuildFile; fileRef = E9F1207C29811A92006D4710 /* SampleForEmployerApp.swift */; };
		E9F1207F29811A92006D4710 /* ContentView.swift in Sources */ = {isa = PBXBuildFile; fileRef = E9F1207E29811A92006D4710 /* ContentView.swift */; };
		E9F1208129811A95006D4710 /* Assets.xcassets in Resources */ = {isa = PBXBuildFile; fileRef = E9F1208029811A95006D4710 /* Assets.xcassets */; };
		E9F1208429811A95006D4710 /* Preview Assets.xcassets in Resources */ = {isa = PBXBuildFile; fileRef = E9F1208329811A95006D4710 /* Preview Assets.xcassets */; };
		E9F1208E29811A96006D4710 /* TestsUsersApiService.swift in Sources */ = {isa = PBXBuildFile; fileRef = E9F1208D29811A96006D4710 /* TestsUsersApiService.swift */; };
		E9F1209829811A96006D4710 /* SampleForEmployerUITests.swift in Sources */ = {isa = PBXBuildFile; fileRef = E9F1209729811A96006D4710 /* SampleForEmployerUITests.swift */; };
		E9F1209A29811A96006D4710 /* SampleForEmployerUITestsLaunchTests.swift in Sources */ = {isa = PBXBuildFile; fileRef = E9F1209929811A96006D4710 /* SampleForEmployerUITestsLaunchTests.swift */; };
		E9F120A929811C3E006D4710 /* User.swift in Sources */ = {isa = PBXBuildFile; fileRef = E9F120A829811C3E006D4710 /* User.swift */; };
		E9F120AB29811D22006D4710 /* UserListView.swift in Sources */ = {isa = PBXBuildFile; fileRef = E9F120AA29811D22006D4710 /* UserListView.swift */; };
		E9F120AD29811D40006D4710 /* UserDetailsView.swift in Sources */ = {isa = PBXBuildFile; fileRef = E9F120AC29811D40006D4710 /* UserDetailsView.swift */; };
		E9F120AF29811E3C006D4710 /* UsersService.swift in Sources */ = {isa = PBXBuildFile; fileRef = E9F120AE29811E3C006D4710 /* UsersService.swift */; };
		E9F120B22981265B006D4710 /* ApiClient.swift in Sources */ = {isa = PBXBuildFile; fileRef = E9F120B12981265B006D4710 /* ApiClient.swift */; };
		E9F120B4298126CD006D4710 /* Config.swift in Sources */ = {isa = PBXBuildFile; fileRef = E9F120B3298126CD006D4710 /* Config.swift */; };
		E9F120B62981279B006D4710 /* EndpointProtocol.swift in Sources */ = {isa = PBXBuildFile; fileRef = E9F120B52981279B006D4710 /* EndpointProtocol.swift */; };
		E9F120B8298127BB006D4710 /* HTTPMethod.swift in Sources */ = {isa = PBXBuildFile; fileRef = E9F120B7298127BB006D4710 /* HTTPMethod.swift */; };
		E9F120BA29812880006D4710 /* APIError.swift in Sources */ = {isa = PBXBuildFile; fileRef = E9F120B929812880006D4710 /* APIError.swift */; };
		E9F120BC29812B4F006D4710 /* UsersApiService.swift in Sources */ = {isa = PBXBuildFile; fileRef = E9F120BB29812B4F006D4710 /* UsersApiService.swift */; };
		E9F120BE29812F47006D4710 /* UserRowView.swift in Sources */ = {isa = PBXBuildFile; fileRef = E9F120BD29812F47006D4710 /* UserRowView.swift */; };
		E9F120C029812FC3006D4710 /* UserAvatarView.swift in Sources */ = {isa = PBXBuildFile; fileRef = E9F120BF29812FC3006D4710 /* UserAvatarView.swift */; };
		E9F120C329813038006D4710 /* SDWebImageSwiftUI in Frameworks */ = {isa = PBXBuildFile; productRef = E9F120C229813038006D4710 /* SDWebImageSwiftUI */; };
		E9F120C629813110006D4710 /* ImageCacheService.swift in Sources */ = {isa = PBXBuildFile; fileRef = E9F120C529813110006D4710 /* ImageCacheService.swift */; };
		E9F120C8298134F6006D4710 /* APIClientProtocol.swift in Sources */ = {isa = PBXBuildFile; fileRef = E9F120C7298134F6006D4710 /* APIClientProtocol.swift */; };
		E9F120CA2981354C006D4710 /* MockApiClient.swift in Sources */ = {isa = PBXBuildFile; fileRef = E9F120C92981354C006D4710 /* MockApiClient.swift */; };
		E9F120CC298135C5006D4710 /* UserApiServiceProtocol.swift in Sources */ = {isa = PBXBuildFile; fileRef = E9F120CB298135C5006D4710 /* UserApiServiceProtocol.swift */; };
		E9F120CE29813644006D4710 /* UsersServiceProtocol.swift in Sources */ = {isa = PBXBuildFile; fileRef = E9F120CD29813644006D4710 /* UsersServiceProtocol.swift */; };
		E9F120D029813B7E006D4710 /* TestsUsersService.swift in Sources */ = {isa = PBXBuildFile; fileRef = E9F120CF29813B7E006D4710 /* TestsUsersService.swift */; };
/* End PBXBuildFile section */

/* Begin PBXContainerItemProxy section */
		E9F1208A29811A96006D4710 /* PBXContainerItemProxy */ = {
			isa = PBXContainerItemProxy;
			containerPortal = E9F1207129811A92006D4710 /* Project object */;
			proxyType = 1;
			remoteGlobalIDString = E9F1207829811A92006D4710;
			remoteInfo = SampleForEmployer;
		};
		E9F1209429811A96006D4710 /* PBXContainerItemProxy */ = {
			isa = PBXContainerItemProxy;
			containerPortal = E9F1207129811A92006D4710 /* Project object */;
			proxyType = 1;
			remoteGlobalIDString = E9F1207829811A92006D4710;
			remoteInfo = SampleForEmployer;
		};
/* End PBXContainerItemProxy section */

/* Begin PBXFileReference section */
		E9F1207929811A92006D4710 /* SampleForEmployer.app */ = {isa = PBXFileReference; explicitFileType = wrapper.application; includeInIndex = 0; path = SampleForEmployer.app; sourceTree = BUILT_PRODUCTS_DIR; };
		E9F1207C29811A92006D4710 /* SampleForEmployerApp.swift */ = {isa = PBXFileReference; lastKnownFileType = sourcecode.swift; path = SampleForEmployerApp.swift; sourceTree = "<group>"; };
		E9F1207E29811A92006D4710 /* ContentView.swift */ = {isa = PBXFileReference; lastKnownFileType = sourcecode.swift; path = ContentView.swift; sourceTree = "<group>"; };
		E9F1208029811A95006D4710 /* Assets.xcassets */ = {isa = PBXFileReference; lastKnownFileType = folder.assetcatalog; path = Assets.xcassets; sourceTree = "<group>"; };
		E9F1208329811A95006D4710 /* Preview Assets.xcassets */ = {isa = PBXFileReference; lastKnownFileType = folder.assetcatalog; path = "Preview Assets.xcassets"; sourceTree = "<group>"; };
		E9F1208929811A96006D4710 /* SampleForEmployerTests.xctest */ = {isa = PBXFileReference; explicitFileType = wrapper.cfbundle; includeInIndex = 0; path = SampleForEmployerTests.xctest; sourceTree = BUILT_PRODUCTS_DIR; };
		E9F1208D29811A96006D4710 /* TestsUsersApiService.swift */ = {isa = PBXFileReference; lastKnownFileType = sourcecode.swift; path = TestsUsersApiService.swift; sourceTree = "<group>"; };
		E9F1209329811A96006D4710 /* SampleForEmployerUITests.xctest */ = {isa = PBXFileReference; explicitFileType = wrapper.cfbundle; includeInIndex = 0; path = SampleForEmployerUITests.xctest; sourceTree = BUILT_PRODUCTS_DIR; };
		E9F1209729811A96006D4710 /* SampleForEmployerUITests.swift */ = {isa = PBXFileReference; lastKnownFileType = sourcecode.swift; path = SampleForEmployerUITests.swift; sourceTree = "<group>"; };
		E9F1209929811A96006D4710 /* SampleForEmployerUITestsLaunchTests.swift */ = {isa = PBXFileReference; lastKnownFileType = sourcecode.swift; path = SampleForEmployerUITestsLaunchTests.swift; sourceTree = "<group>"; };
		E9F120A829811C3E006D4710 /* User.swift */ = {isa = PBXFileReference; lastKnownFileType = sourcecode.swift; path = User.swift; sourceTree = "<group>"; };
		E9F120AA29811D22006D4710 /* UserListView.swift */ = {isa = PBXFileReference; lastKnownFileType = sourcecode.swift; path = UserListView.swift; sourceTree = "<group>"; };
		E9F120AC29811D40006D4710 /* UserDetailsView.swift */ = {isa = PBXFileReference; lastKnownFileType = sourcecode.swift; path = UserDetailsView.swift; sourceTree = "<group>"; };
		E9F120AE29811E3C006D4710 /* UsersService.swift */ = {isa = PBXFileReference; lastKnownFileType = sourcecode.swift; path = UsersService.swift; sourceTree = "<group>"; };
		E9F120B12981265B006D4710 /* ApiClient.swift */ = {isa = PBXFileReference; lastKnownFileType = sourcecode.swift; path = ApiClient.swift; sourceTree = "<group>"; };
		E9F120B3298126CD006D4710 /* Config.swift */ = {isa = PBXFileReference; lastKnownFileType = sourcecode.swift; path = Config.swift; sourceTree = "<group>"; };
		E9F120B52981279B006D4710 /* EndpointProtocol.swift */ = {isa = PBXFileReference; lastKnownFileType = sourcecode.swift; path = EndpointProtocol.swift; sourceTree = "<group>"; };
		E9F120B7298127BB006D4710 /* HTTPMethod.swift */ = {isa = PBXFileReference; lastKnownFileType = sourcecode.swift; path = HTTPMethod.swift; sourceTree = "<group>"; };
		E9F120B929812880006D4710 /* APIError.swift */ = {isa = PBXFileReference; lastKnownFileType = sourcecode.swift; path = APIError.swift; sourceTree = "<group>"; };
		E9F120BB29812B4F006D4710 /* UsersApiService.swift */ = {isa = PBXFileReference; lastKnownFileType = sourcecode.swift; path = UsersApiService.swift; sourceTree = "<group>"; };
		E9F120BD29812F47006D4710 /* UserRowView.swift */ = {isa = PBXFileReference; lastKnownFileType = sourcecode.swift; path = UserRowView.swift; sourceTree = "<group>"; };
		E9F120BF29812FC3006D4710 /* UserAvatarView.swift */ = {isa = PBXFileReference; lastKnownFileType = sourcecode.swift; path = UserAvatarView.swift; sourceTree = "<group>"; };
		E9F120C529813110006D4710 /* ImageCacheService.swift */ = {isa = PBXFileReference; lastKnownFileType = sourcecode.swift; path = ImageCacheService.swift; sourceTree = "<group>"; };
		E9F120C7298134F6006D4710 /* APIClientProtocol.swift */ = {isa = PBXFileReference; lastKnownFileType = sourcecode.swift; path = APIClientProtocol.swift; sourceTree = "<group>"; };
		E9F120C92981354C006D4710 /* MockApiClient.swift */ = {isa = PBXFileReference; lastKnownFileType = sourcecode.swift; path = MockApiClient.swift; sourceTree = "<group>"; };
		E9F120CB298135C5006D4710 /* UserApiServiceProtocol.swift */ = {isa = PBXFileReference; lastKnownFileType = sourcecode.swift; path = UserApiServiceProtocol.swift; sourceTree = "<group>"; };
		E9F120CD29813644006D4710 /* UsersServiceProtocol.swift */ = {isa = PBXFileReference; lastKnownFileType = sourcecode.swift; path = UsersServiceProtocol.swift; sourceTree = "<group>"; };
		E9F120CF29813B7E006D4710 /* TestsUsersService.swift */ = {isa = PBXFileReference; fileEncoding = 4; lastKnownFileType = sourcecode.swift; path = TestsUsersService.swift; sourceTree = "<group>"; };
/* End PBXFileReference section */

/* Begin PBXFrameworksBuildPhase section */
		E9F1207629811A92006D4710 /* Frameworks */ = {
			isa = PBXFrameworksBuildPhase;
			buildActionMask = 2147483647;
			files = (
				E9F120C329813038006D4710 /* SDWebImageSwiftUI in Frameworks */,
			);
			runOnlyForDeploymentPostprocessing = 0;
		};
		E9F1208629811A96006D4710 /* Frameworks */ = {
			isa = PBXFrameworksBuildPhase;
			buildActionMask = 2147483647;
			files = (
			);
			runOnlyForDeploymentPostprocessing = 0;
		};
		E9F1209029811A96006D4710 /* Frameworks */ = {
			isa = PBXFrameworksBuildPhase;
			buildActionMask = 2147483647;
			files = (
			);
			runOnlyForDeploymentPostprocessing = 0;
		};
/* End PBXFrameworksBuildPhase section */

/* Begin PBXGroup section */
		E9F1207029811A92006D4710 = {
			isa = PBXGroup;
			children = (
				E9F1207B29811A92006D4710 /* SampleForEmployer */,
				E9F1208C29811A96006D4710 /* SampleForEmployerTests */,
				E9F1209629811A96006D4710 /* SampleForEmployerUITests */,
				E9F1207A29811A92006D4710 /* Products */,
			);
			sourceTree = "<group>";
		};
		E9F1207A29811A92006D4710 /* Products */ = {
			isa = PBXGroup;
			children = (
				E9F1207929811A92006D4710 /* SampleForEmployer.app */,
				E9F1208929811A96006D4710 /* SampleForEmployerTests.xctest */,
				E9F1209329811A96006D4710 /* SampleForEmployerUITests.xctest */,
			);
			name = Products;
			sourceTree = "<group>";
		};
		E9F1207B29811A92006D4710 /* SampleForEmployer */ = {
			isa = PBXGroup;
			children = (
				E9F120C429813106006D4710 /* Utils */,
				E9F120B02981264D006D4710 /* Networking */,
				E9F120A729811C26006D4710 /* Services */,
				E9F120A629811C0D006D4710 /* Models */,
				E9F1207C29811A92006D4710 /* SampleForEmployerApp.swift */,
				E9F1207E29811A92006D4710 /* ContentView.swift */,
				E9F120AA29811D22006D4710 /* UserListView.swift */,
				E9F120BD29812F47006D4710 /* UserRowView.swift */,
				E9F120BF29812FC3006D4710 /* UserAvatarView.swift */,
				E9F120AC29811D40006D4710 /* UserDetailsView.swift */,
				E9F1208029811A95006D4710 /* Assets.xcassets */,
				E9F1208229811A95006D4710 /* Preview Content */,
			);
			path = SampleForEmployer;
			sourceTree = "<group>";
		};
		E9F1208229811A95006D4710 /* Preview Content */ = {
			isa = PBXGroup;
			children = (
				E9F1208329811A95006D4710 /* Preview Assets.xcassets */,
			);
			path = "Preview Content";
			sourceTree = "<group>";
		};
		E9F1208C29811A96006D4710 /* SampleForEmployerTests */ = {
			isa = PBXGroup;
			children = (
				E9F1208D29811A96006D4710 /* TestsUsersApiService.swift */,
				E9F120CF29813B7E006D4710 /* TestsUsersService.swift */,
			);
			path = SampleForEmployerTests;
			sourceTree = "<group>";
		};
		E9F1209629811A96006D4710 /* SampleForEmployerUITests */ = {
			isa = PBXGroup;
			children = (
				E9F1209729811A96006D4710 /* SampleForEmployerUITests.swift */,
				E9F1209929811A96006D4710 /* SampleForEmployerUITestsLaunchTests.swift */,
			);
			path = SampleForEmployerUITests;
			sourceTree = "<group>";
		};
		E9F120A629811C0D006D4710 /* Models */ = {
			isa = PBXGroup;
			children = (
				E9F120A829811C3E006D4710 /* User.swift */,
			);
			path = Models;
			sourceTree = "<group>";
		};
		E9F120A729811C26006D4710 /* Services */ = {
			isa = PBXGroup;
			children = (
				E9F120AE29811E3C006D4710 /* UsersService.swift */,
				E9F120CD29813644006D4710 /* UsersServiceProtocol.swift */,
				E9F120BB29812B4F006D4710 /* UsersApiService.swift */,
				E9F120CB298135C5006D4710 /* UserApiServiceProtocol.swift */,
			);
			path = Services;
			sourceTree = "<group>";
		};
		E9F120B02981264D006D4710 /* Networking */ = {
			isa = PBXGroup;
			children = (
				E9F120C7298134F6006D4710 /* APIClientProtocol.swift */,
				E9F120C92981354C006D4710 /* MockApiClient.swift */,
				E9F120B12981265B006D4710 /* ApiClient.swift */,
				E9F120B3298126CD006D4710 /* Config.swift */,
				E9F120B52981279B006D4710 /* EndpointProtocol.swift */,
				E9F120B7298127BB006D4710 /* HTTPMethod.swift */,
				E9F120B929812880006D4710 /* APIError.swift */,
			);
			path = Networking;
			sourceTree = "<group>";
		};
		E9F120C429813106006D4710 /* Utils */ = {
			isa = PBXGroup;
			children = (
				E9F120C529813110006D4710 /* ImageCacheService.swift */,
			);
			path = Utils;
			sourceTree = "<group>";
		};
/* End PBXGroup section */

/* Begin PBXNativeTarget section */
		E9F1207829811A92006D4710 /* SampleForEmployer */ = {
			isa = PBXNativeTarget;
			buildConfigurationList = E9F1209D29811A96006D4710 /* Build configuration list for PBXNativeTarget "SampleForEmployer" */;
			buildPhases = (
				E9F1207529811A92006D4710 /* Sources */,
				E9F1207629811A92006D4710 /* Frameworks */,
				E9F1207729811A92006D4710 /* Resources */,
			);
			buildRules = (
			);
			dependencies = (
			);
			name = SampleForEmployer;
			packageProductDependencies = (
				E9F120C229813038006D4710 /* SDWebImageSwiftUI */,
			);
			productName = SampleForEmployer;
			productReference = E9F1207929811A92006D4710 /* SampleForEmployer.app */;
			productType = "com.apple.product-type.application";
		};
		E9F1208829811A96006D4710 /* SampleForEmployerTests */ = {
			isa = PBXNativeTarget;
			buildConfigurationList = E9F120A029811A96006D4710 /* Build configuration list for PBXNativeTarget "SampleForEmployerTests" */;
			buildPhases = (
				E9F1208529811A96006D4710 /* Sources */,
				E9F1208629811A96006D4710 /* Frameworks */,
				E9F1208729811A96006D4710 /* Resources */,
			);
			buildRules = (
			);
			dependencies = (
				E9F1208B29811A96006D4710 /* PBXTargetDependency */,
			);
			name = SampleForEmployerTests;
			productName = SampleForEmployerTests;
			productReference = E9F1208929811A96006D4710 /* SampleForEmployerTests.xctest */;
			productType = "com.apple.product-type.bundle.unit-test";
		};
		E9F1209229811A96006D4710 /* SampleForEmployerUITests */ = {
			isa = PBXNativeTarget;
			buildConfigurationList = E9F120A329811A96006D4710 /* Build configuration list for PBXNativeTarget "SampleForEmployerUITests" */;
			buildPhases = (
				E9F1208F29811A96006D4710 /* Sources */,
				E9F1209029811A96006D4710 /* Frameworks */,
				E9F1209129811A96006D4710 /* Resources */,
			);
			buildRules = (
			);
			dependencies = (
				E9F1209529811A96006D4710 /* PBXTargetDependency */,
			);
			name = SampleForEmployerUITests;
			productName = SampleForEmployerUITests;
			productReference = E9F1209329811A96006D4710 /* SampleForEmployerUITests.xctest */;
			productType = "com.apple.product-type.bundle.ui-testing";
		};
/* End PBXNativeTarget section */

/* Begin PBXProject section */
		E9F1207129811A92006D4710 /* Project object */ = {
			isa = PBXProject;
			attributes = {
				BuildIndependentTargetsInParallel = 1;
				LastSwiftUpdateCheck = 1420;
				LastUpgradeCheck = 1420;
				TargetAttributes = {
					E9F1207829811A92006D4710 = {
						CreatedOnToolsVersion = 14.2;
					};
					E9F1208829811A96006D4710 = {
						CreatedOnToolsVersion = 14.2;
						TestTargetID = E9F1207829811A92006D4710;
					};
					E9F1209229811A96006D4710 = {
						CreatedOnToolsVersion = 14.2;
						TestTargetID = E9F1207829811A92006D4710;
					};
				};
			};
			buildConfigurationList = E9F1207429811A92006D4710 /* Build configuration list for PBXProject "SampleForEmployer" */;
			compatibilityVersion = "Xcode 14.0";
			developmentRegion = en;
			hasScannedForEncodings = 0;
			knownRegions = (
				en,
				Base,
			);
			mainGroup = E9F1207029811A92006D4710;
			packageReferences = (
				E9F120C129813038006D4710 /* XCRemoteSwiftPackageReference "SDWebImageSwiftUI" */,
			);
			productRefGroup = E9F1207A29811A92006D4710 /* Products */;
			projectDirPath = "";
			projectRoot = "";
			targets = (
				E9F1207829811A92006D4710 /* SampleForEmployer */,
				E9F1208829811A96006D4710 /* SampleForEmployerTests */,
				E9F1209229811A96006D4710 /* SampleForEmployerUITests */,
			);
		};
/* End PBXProject section */

/* Begin PBXResourcesBuildPhase section */
		E9F1207729811A92006D4710 /* Resources */ = {
			isa = PBXResourcesBuildPhase;
			buildActionMask = 2147483647;
			files = (
				E9F1208429811A95006D4710 /* Preview Assets.xcassets in Resources */,
				E9F1208129811A95006D4710 /* Assets.xcassets in Resources */,
			);
			runOnlyForDeploymentPostprocessing = 0;
		};
		E9F1208729811A96006D4710 /* Resources */ = {
			isa = PBXResourcesBuildPhase;
			buildActionMask = 2147483647;
			files = (
			);
			runOnlyForDeploymentPostprocessing = 0;
		};
		E9F1209129811A96006D4710 /* Resources */ = {
			isa = PBXResourcesBuildPhase;
			buildActionMask = 2147483647;
			files = (
			);
			runOnlyForDeploymentPostprocessing = 0;
		};
/* End PBXResourcesBuildPhase section */

/* Begin PBXSourcesBuildPhase section */
		E9F1207529811A92006D4710 /* Sources */ = {
			isa = PBXSourcesBuildPhase;
			buildActionMask = 2147483647;
			files = (
				E9F120B22981265B006D4710 /* ApiClient.swift in Sources */,
				E9F120AF29811E3C006D4710 /* UsersService.swift in Sources */,
				E9F120C629813110006D4710 /* ImageCacheService.swift in Sources */,
				E9F120AD29811D40006D4710 /* UserDetailsView.swift in Sources */,
				E9F120B62981279B006D4710 /* EndpointProtocol.swift in Sources */,
				E9F120BC29812B4F006D4710 /* UsersApiService.swift in Sources */,
				E9F120CA2981354C006D4710 /* MockApiClient.swift in Sources */,
				E9F120CC298135C5006D4710 /* UserApiServiceProtocol.swift in Sources */,
				E9F1207F29811A92006D4710 /* ContentView.swift in Sources */,
				E9F120C029812FC3006D4710 /* UserAvatarView.swift in Sources */,
				E9F1207D29811A92006D4710 /* SampleForEmployerApp.swift in Sources */,
				E9F120B4298126CD006D4710 /* Config.swift in Sources */,
				E9F120A929811C3E006D4710 /* User.swift in Sources */,
				E9F120B8298127BB006D4710 /* HTTPMethod.swift in Sources */,
				E9F120CE29813644006D4710 /* UsersServiceProtocol.swift in Sources */,
				E9F120BE29812F47006D4710 /* UserRowView.swift in Sources */,
				E9F120C8298134F6006D4710 /* APIClientProtocol.swift in Sources */,
				E9F120AB29811D22006D4710 /* UserListView.swift in Sources */,
				E9F120BA29812880006D4710 /* APIError.swift in Sources */,
			);
			runOnlyForDeploymentPostprocessing = 0;
		};
		E9F1208529811A96006D4710 /* Sources */ = {
			isa = PBXSourcesBuildPhase;
			buildActionMask = 2147483647;
			files = (
				E9F120D029813B7E006D4710 /* TestsUsersService.swift in Sources */,
				E9F1208E29811A96006D4710 /* TestsUsersApiService.swift in Sources */,
			);
			runOnlyForDeploymentPostprocessing = 0;
		};
		E9F1208F29811A96006D4710 /* Sources */ = {
			isa = PBXSourcesBuildPhase;
			buildActionMask = 2147483647;
			files = (
				E9F1209829811A96006D4710 /* SampleForEmployerUITests.swift in Sources */,
				E9F1209A29811A96006D4710 /* SampleForEmployerUITestsLaunchTests.swift in Sources */,
			);
			runOnlyForDeploymentPostprocessing = 0;
		};
/* End PBXSourcesBuildPhase section */

/* Begin PBXTargetDependency section */
		E9F1208B29811A96006D4710 /* PBXTargetDependency */ = {
			isa = PBXTargetDependency;
			target = E9F1207829811A92006D4710 /* SampleForEmployer */;
			targetProxy = E9F1208A29811A96006D4710 /* PBXContainerItemProxy */;
		};
		E9F1209529811A96006D4710 /* PBXTargetDependency */ = {
			isa = PBXTargetDependency;
			target = E9F1207829811A92006D4710 /* SampleForEmployer */;
			targetProxy = E9F1209429811A96006D4710 /* PBXContainerItemProxy */;
		};
/* End PBXTargetDependency section */

/* Begin XCBuildConfiguration section */
		E9F1209B29811A96006D4710 /* Debug */ = {
			isa = XCBuildConfiguration;
			buildSettings = {
				ALWAYS_SEARCH_USER_PATHS = NO;
				CLANG_ANALYZER_NONNULL = YES;
				CLANG_ANALYZER_NUMBER_OBJECT_CONVERSION = YES_AGGRESSIVE;
				CLANG_CXX_LANGUAGE_STANDARD = "gnu++20";
				CLANG_ENABLE_MODULES = YES;
				CLANG_ENABLE_OBJC_ARC = YES;
				CLANG_ENABLE_OBJC_WEAK = YES;
				CLANG_WARN_BLOCK_CAPTURE_AUTORELEASING = YES;
				CLANG_WARN_BOOL_CONVERSION = YES;
				CLANG_WARN_COMMA = YES;
				CLANG_WARN_CONSTANT_CONVERSION = YES;
				CLANG_WARN_DEPRECATED_OBJC_IMPLEMENTATIONS = YES;
				CLANG_WARN_DIRECT_OBJC_ISA_USAGE = YES_ERROR;
				CLANG_WARN_DOCUMENTATION_COMMENTS = YES;
				CLANG_WARN_EMPTY_BODY = YES;
				CLANG_WARN_ENUM_CONVERSION = YES;
				CLANG_WARN_INFINITE_RECURSION = YES;
				CLANG_WARN_INT_CONVERSION = YES;
				CLANG_WARN_NON_LITERAL_NULL_CONVERSION = YES;
				CLANG_WARN_OBJC_IMPLICIT_RETAIN_SELF = YES;
				CLANG_WARN_OBJC_LITERAL_CONVERSION = YES;
				CLANG_WARN_OBJC_ROOT_CLASS = YES_ERROR;
				CLANG_WARN_QUOTED_INCLUDE_IN_FRAMEWORK_HEADER = YES;
				CLANG_WARN_RANGE_LOOP_ANALYSIS = YES;
				CLANG_WARN_STRICT_PROTOTYPES = YES;
				CLANG_WARN_SUSPICIOUS_MOVE = YES;
				CLANG_WARN_UNGUARDED_AVAILABILITY = YES_AGGRESSIVE;
				CLANG_WARN_UNREACHABLE_CODE = YES;
				CLANG_WARN__DUPLICATE_METHOD_MATCH = YES;
				COPY_PHASE_STRIP = NO;
				DEBUG_INFORMATION_FORMAT = dwarf;
				ENABLE_STRICT_OBJC_MSGSEND = YES;
				ENABLE_TESTABILITY = YES;
				GCC_C_LANGUAGE_STANDARD = gnu11;
				GCC_DYNAMIC_NO_PIC = NO;
				GCC_NO_COMMON_BLOCKS = YES;
				GCC_OPTIMIZATION_LEVEL = 0;
				GCC_PREPROCESSOR_DEFINITIONS = (
					"DEBUG=1",
					"$(inherited)",
				);
				GCC_WARN_64_TO_32_BIT_CONVERSION = YES;
				GCC_WARN_ABOUT_RETURN_TYPE = YES_ERROR;
				GCC_WARN_UNDECLARED_SELECTOR = YES;
				GCC_WARN_UNINITIALIZED_AUTOS = YES_AGGRESSIVE;
				GCC_WARN_UNUSED_FUNCTION = YES;
				GCC_WARN_UNUSED_VARIABLE = YES;
				IPHONEOS_DEPLOYMENT_TARGET = 16.2;
				MTL_ENABLE_DEBUG_INFO = INCLUDE_SOURCE;
				MTL_FAST_MATH = YES;
				ONLY_ACTIVE_ARCH = YES;
				SDKROOT = iphoneos;
				SWIFT_ACTIVE_COMPILATION_CONDITIONS = DEBUG;
				SWIFT_OPTIMIZATION_LEVEL = "-Onone";
			};
			name = Debug;
		};
		E9F1209C29811A96006D4710 /* Release */ = {
			isa = XCBuildConfiguration;
			buildSettings = {
				ALWAYS_SEARCH_USER_PATHS = NO;
				CLANG_ANALYZER_NONNULL = YES;
				CLANG_ANALYZER_NUMBER_OBJECT_CONVERSION = YES_AGGRESSIVE;
				CLANG_CXX_LANGUAGE_STANDARD = "gnu++20";
				CLANG_ENABLE_MODULES = YES;
				CLANG_ENABLE_OBJC_ARC = YES;
				CLANG_ENABLE_OBJC_WEAK = YES;
				CLANG_WARN_BLOCK_CAPTURE_AUTORELEASING = YES;
				CLANG_WARN_BOOL_CONVERSION = YES;
				CLANG_WARN_COMMA = YES;
				CLANG_WARN_CONSTANT_CONVERSION = YES;
				CLANG_WARN_DEPRECATED_OBJC_IMPLEMENTATIONS = YES;
				CLANG_WARN_DIRECT_OBJC_ISA_USAGE = YES_ERROR;
				CLANG_WARN_DOCUMENTATION_COMMENTS = YES;
				CLANG_WARN_EMPTY_BODY = YES;
				CLANG_WARN_ENUM_CONVERSION = YES;
				CLANG_WARN_INFINITE_RECURSION = YES;
				CLANG_WARN_INT_CONVERSION = YES;
				CLANG_WARN_NON_LITERAL_NULL_CONVERSION = YES;
				CLANG_WARN_OBJC_IMPLICIT_RETAIN_SELF = YES;
				CLANG_WARN_OBJC_LITERAL_CONVERSION = YES;
				CLANG_WARN_OBJC_ROOT_CLASS = YES_ERROR;
				CLANG_WARN_QUOTED_INCLUDE_IN_FRAMEWORK_HEADER = YES;
				CLANG_WARN_RANGE_LOOP_ANALYSIS = YES;
				CLANG_WARN_STRICT_PROTOTYPES = YES;
				CLANG_WARN_SUSPICIOUS_MOVE = YES;
				CLANG_WARN_UNGUARDED_AVAILABILITY = YES_AGGRESSIVE;
				CLANG_WARN_UNREACHABLE_CODE = YES;
				CLANG_WARN__DUPLICATE_METHOD_MATCH = YES;
				COPY_PHASE_STRIP = NO;
				DEBUG_INFORMATION_FORMAT = "dwarf-with-dsym";
				ENABLE_NS_ASSERTIONS = NO;
				ENABLE_STRICT_OBJC_MSGSEND = YES;
				GCC_C_LANGUAGE_STANDARD = gnu11;
				GCC_NO_COMMON_BLOCKS = YES;
				GCC_WARN_64_TO_32_BIT_CONVERSION = YES;
				GCC_WARN_ABOUT_RETURN_TYPE = YES_ERROR;
				GCC_WARN_UNDECLARED_SELECTOR = YES;
				GCC_WARN_UNINITIALIZED_AUTOS = YES_AGGRESSIVE;
				GCC_WARN_UNUSED_FUNCTION = YES;
				GCC_WARN_UNUSED_VARIABLE = YES;
				IPHONEOS_DEPLOYMENT_TARGET = 16.2;
				MTL_ENABLE_DEBUG_INFO = NO;
				MTL_FAST_MATH = YES;
				SDKROOT = iphoneos;
				SWIFT_COMPILATION_MODE = wholemodule;
				SWIFT_OPTIMIZATION_LEVEL = "-O";
				VALIDATE_PRODUCT = YES;
			};
			name = Release;
		};
		E9F1209E29811A96006D4710 /* Debug */ = {
			isa = XCBuildConfiguration;
			buildSettings = {
				ASSETCATALOG_COMPILER_APPICON_NAME = AppIcon;
				ASSETCATALOG_COMPILER_GLOBAL_ACCENT_COLOR_NAME = AccentColor;
				CODE_SIGN_STYLE = Automatic;
				CURRENT_PROJECT_VERSION = 1;
				DEVELOPMENT_ASSET_PATHS = "\"SampleForEmployer/Preview Content\"";
				DEVELOPMENT_TEAM = 9UUTZVSD29;
				ENABLE_PREVIEWS = YES;
				GENERATE_INFOPLIST_FILE = YES;
				INFOPLIST_KEY_UIApplicationSceneManifest_Generation = YES;
				INFOPLIST_KEY_UIApplicationSupportsIndirectInputEvents = YES;
				INFOPLIST_KEY_UILaunchScreen_Generation = YES;
				INFOPLIST_KEY_UISupportedInterfaceOrientations_iPad = "UIInterfaceOrientationPortrait UIInterfaceOrientationPortraitUpsideDown UIInterfaceOrientationLandscapeLeft UIInterfaceOrientationLandscapeRight";
				INFOPLIST_KEY_UISupportedInterfaceOrientations_iPhone = "UIInterfaceOrientationPortrait UIInterfaceOrientationLandscapeLeft UIInterfaceOrientationLandscapeRight";
				LD_RUNPATH_SEARCH_PATHS = (
					"$(inherited)",
					"@executable_path/Frameworks",
				);
				MARKETING_VERSION = 1.0;
				PRODUCT_BUNDLE_IDENTIFIER = ua.com.esengy.SampleForEmployer;
				PRODUCT_NAME = "$(TARGET_NAME)";
				SWIFT_EMIT_LOC_STRINGS = YES;
				SWIFT_VERSION = 5.0;
				TARGETED_DEVICE_FAMILY = "1,2";
			};
			name = Debug;
		};
		E9F1209F29811A96006D4710 /* Release */ = {
			isa = XCBuildConfiguration;
			buildSettings = {
				ASSETCATALOG_COMPILER_APPICON_NAME = AppIcon;
				ASSETCATALOG_COMPILER_GLOBAL_ACCENT_COLOR_NAME = AccentColor;
				CODE_SIGN_STYLE = Automatic;
				CURRENT_PROJECT_VERSION = 1;
				DEVELOPMENT_ASSET_PATHS = "\"SampleForEmployer/Preview Content\"";
				DEVELOPMENT_TEAM = 9UUTZVSD29;
				ENABLE_PREVIEWS = YES;
				GENERATE_INFOPLIST_FILE = YES;
				INFOPLIST_KEY_UIApplicationSceneManifest_Generation = YES;
				INFOPLIST_KEY_UIApplicationSupportsIndirectInputEvents = YES;
				INFOPLIST_KEY_UILaunchScreen_Generation = YES;
				INFOPLIST_KEY_UISupportedInterfaceOrientations_iPad = "UIInterfaceOrientationPortrait UIInterfaceOrientationPortraitUpsideDown UIInterfaceOrientationLandscapeLeft UIInterfaceOrientationLandscapeRight";
				INFOPLIST_KEY_UISupportedInterfaceOrientations_iPhone = "UIInterfaceOrientationPortrait UIInterfaceOrientationLandscapeLeft UIInterfaceOrientationLandscapeRight";
				LD_RUNPATH_SEARCH_PATHS = (
					"$(inherited)",
					"@executable_path/Frameworks",
				);
				MARKETING_VERSION = 1.0;
				PRODUCT_BUNDLE_IDENTIFIER = ua.com.esengy.SampleForEmployer;
				PRODUCT_NAME = "$(TARGET_NAME)";
				SWIFT_EMIT_LOC_STRINGS = YES;
				SWIFT_VERSION = 5.0;
				TARGETED_DEVICE_FAMILY = "1,2";
			};
			name = Release;
		};
		E9F120A129811A96006D4710 /* Debug */ = {
			isa = XCBuildConfiguration;
			buildSettings = {
				ALWAYS_EMBED_SWIFT_STANDARD_LIBRARIES = YES;
				BUNDLE_LOADER = "$(TEST_HOST)";
				CODE_SIGN_STYLE = Automatic;
				CURRENT_PROJECT_VERSION = 1;
				DEVELOPMENT_TEAM = 9UUTZVSD29;
				GENERATE_INFOPLIST_FILE = YES;
				IPHONEOS_DEPLOYMENT_TARGET = 16.2;
				MARKETING_VERSION = 1.0;
				PRODUCT_BUNDLE_IDENTIFIER = ua.com.esengy.SampleForEmployerTests;
				PRODUCT_NAME = "$(TARGET_NAME)";
				SWIFT_EMIT_LOC_STRINGS = NO;
				SWIFT_VERSION = 5.0;
				TARGETED_DEVICE_FAMILY = "1,2";
				TEST_HOST = "$(BUILT_PRODUCTS_DIR)/SampleForEmployer.app$(BUNDLE_EXECUTABLE_FOLDER_PATH)/SampleForEmployer";
			};
			name = Debug;
		};
		E9F120A229811A96006D4710 /* Release */ = {
			isa = XCBuildConfiguration;
			buildSettings = {
				ALWAYS_EMBED_SWIFT_STANDARD_LIBRARIES = YES;
				BUNDLE_LOADER = "$(TEST_HOST)";
				CODE_SIGN_STYLE = Automatic;
				CURRENT_PROJECT_VERSION = 1;
				DEVELOPMENT_TEAM = 9UUTZVSD29;
				GENERATE_INFOPLIST_FILE = YES;
				IPHONEOS_DEPLOYMENT_TARGET = 16.2;
				MARKETING_VERSION = 1.0;
				PRODUCT_BUNDLE_IDENTIFIER = ua.com.esengy.SampleForEmployerTests;
				PRODUCT_NAME = "$(TARGET_NAME)";
				SWIFT_EMIT_LOC_STRINGS = NO;
				SWIFT_VERSION = 5.0;
				TARGETED_DEVICE_FAMILY = "1,2";
				TEST_HOST = "$(BUILT_PRODUCTS_DIR)/SampleForEmployer.app$(BUNDLE_EXECUTABLE_FOLDER_PATH)/SampleForEmployer";
			};
			name = Release;
		};
		E9F120A429811A96006D4710 /* Debug */ = {
			isa = XCBuildConfiguration;
			buildSettings = {
				ALWAYS_EMBED_SWIFT_STANDARD_LIBRARIES = YES;
				CODE_SIGN_STYLE = Automatic;
				CURRENT_PROJECT_VERSION = 1;
				DEVELOPMENT_TEAM = 9UUTZVSD29;
				GENERATE_INFOPLIST_FILE = YES;
				MARKETING_VERSION = 1.0;
				PRODUCT_BUNDLE_IDENTIFIER = ua.com.esengy.SampleForEmployerUITests;
				PRODUCT_NAME = "$(TARGET_NAME)";
				SWIFT_EMIT_LOC_STRINGS = NO;
				SWIFT_VERSION = 5.0;
				TARGETED_DEVICE_FAMILY = "1,2";
				TEST_TARGET_NAME = SampleForEmployer;
			};
			name = Debug;
		};
		E9F120A529811A96006D4710 /* Release */ = {
			isa = XCBuildConfiguration;
			buildSettings = {
				ALWAYS_EMBED_SWIFT_STANDARD_LIBRARIES = YES;
				CODE_SIGN_STYLE = Automatic;
				CURRENT_PROJECT_VERSION = 1;
				DEVELOPMENT_TEAM = 9UUTZVSD29;
				GENERATE_INFOPLIST_FILE = YES;
				MARKETING_VERSION = 1.0;
				PRODUCT_BUNDLE_IDENTIFIER = ua.com.esengy.SampleForEmployerUITests;
				PRODUCT_NAME = "$(TARGET_NAME)";
				SWIFT_EMIT_LOC_STRINGS = NO;
				SWIFT_VERSION = 5.0;
				TARGETED_DEVICE_FAMILY = "1,2";
				TEST_TARGET_NAME = SampleForEmployer;
			};
			name = Release;
		};
/* End XCBuildConfiguration section */

/* Begin XCConfigurationList section */
		E9F1207429811A92006D4710 /* Build configuration list for PBXProject "SampleForEmployer" */ = {
			isa = XCConfigurationList;
			buildConfigurations = (
				E9F1209B29811A96006D4710 /* Debug */,
				E9F1209C29811A96006D4710 /* Release */,
			);
			defaultConfigurationIsVisible = 0;
			defaultConfigurationName = Release;
		};
		E9F1209D29811A96006D4710 /* Build configuration list for PBXNativeTarget "SampleForEmployer" */ = {
			isa = XCConfigurationList;
			buildConfigurations = (
				E9F1209E29811A96006D4710 /* Debug */,
				E9F1209F29811A96006D4710 /* Release */,
			);
			defaultConfigurationIsVisible = 0;
			defaultConfigurationName = Release;
		};
		E9F120A029811A96006D4710 /* Build configuration list for PBXNativeTarget "SampleForEmployerTests" */ = {
			isa = XCConfigurationList;
			buildConfigurations = (
				E9F120A129811A96006D4710 /* Debug */,
				E9F120A229811A96006D4710 /* Release */,
			);
			defaultConfigurationIsVisible = 0;
			defaultConfigurationName = Release;
		};
		E9F120A329811A96006D4710 /* Build configuration list for PBXNativeTarget "SampleForEmployerUITests" */ = {
			isa = XCConfigurationList;
			buildConfigurations = (
				E9F120A429811A96006D4710 /* Debug */,
				E9F120A529811A96006D4710 /* Release */,
			);
			defaultConfigurationIsVisible = 0;
			defaultConfigurationName = Release;
		};
/* End XCConfigurationList section */

/* Begin XCRemoteSwiftPackageReference section */
		E9F120C129813038006D4710 /* XCRemoteSwiftPackageReference "SDWebImageSwiftUI" */ = {
			isa = XCRemoteSwiftPackageReference;
			repositoryURL = "https://github.com/SDWebImage/SDWebImageSwiftUI";
			requirement = {
				kind = upToNextMajorVersion;
				minimumVersion = 2.0.0;
			};
		};
/* End XCRemoteSwiftPackageReference section */

/* Begin XCSwiftPackageProductDependency section */
		E9F120C229813038006D4710 /* SDWebImageSwiftUI */ = {
			isa = XCSwiftPackageProductDependency;
			package = E9F120C129813038006D4710 /* XCRemoteSwiftPackageReference "SDWebImageSwiftUI" */;
			productName = SDWebImageSwiftUI;
		};
/* End XCSwiftPackageProductDependency section */
	};
	rootObject = E9F1207129811A92006D4710 /* Project object */;
}
